
Microsoft Visual Studio Solution File, Format Version 12.00
# Visual Studio 15
VisualStudioVersion = 15.0.26430.12
MinimumVisualStudioVersion = 10.0.40219.1
Project("{D954291E-2A0B-460D-934E-DC6B0785DB48}") = "VisualSearchApp", "VisualSearchApp\VisualSearchApp\VisualSearchApp.shproj", "{8F165965-F2B5-4042-9319-A04BAFA0CDDD}"
EndProject
Project("{FAE04EC0-301F-11D3-BF4B-00C04F79EFBC}") = "VisualSearchApp.Android", "VisualSearchApp\VisualSearchApp.Android\VisualSearchApp.Android.csproj", "{91052A4B-25B6-442A-82E9-D01C4572017B}"
EndProject
Project("{FAE04EC0-301F-11D3-BF4B-00C04F79EFBC}") = "VisualSearchApp.iOS", "VisualSearchApp\VisualSearchApp.iOS\VisualSearchApp.iOS.csproj", "{B853B537-14C1-4503-BD7F-1FD1EB28D005}"
EndProject
Project("{FAE04EC0-301F-11D3-BF4B-00C04F79EFBC}") = "VisualSearchApp.UWP", "VisualSearchApp\VisualSearchApp.UWP\VisualSearchApp.UWP.csproj", "{816F5DC8-D94E-462F-B9B8-ADB30931C277}"
EndProject
Global
	GlobalSection(SharedMSBuildProjectFiles) = preSolution
		VisualSearchApp\VisualSearchApp\VisualSearchApp.projitems*{8f165965-f2b5-4042-9319-a04bafa0cddd}*SharedItemsImports = 13
		VisualSearchApp\VisualSearchApp\VisualSearchApp.projitems*{91052a4b-25b6-442a-82e9-d01c4572017b}*SharedItemsImports = 4
		VisualSearchApp\VisualSearchApp\VisualSearchApp.projitems*{b853b537-14c1-4503-bd7f-1fd1eb28d005}*SharedItemsImports = 4
	EndGlobalSection
	GlobalSection(SolutionConfigurationPlatforms) = preSolution
		Ad-Hoc|Any CPU = Ad-Hoc|Any CPU
		Ad-Hoc|ARM = Ad-Hoc|ARM
		Ad-Hoc|iPhone = Ad-Hoc|iPhone
		Ad-Hoc|iPhoneSimulator = Ad-Hoc|iPhoneSimulator
		Ad-Hoc|x64 = Ad-Hoc|x64
		Ad-Hoc|x86 = Ad-Hoc|x86
		AppStore|Any CPU = AppStore|Any CPU
		AppStore|ARM = AppStore|ARM
		AppStore|iPhone = AppStore|iPhone
		AppStore|iPhoneSimulator = AppStore|iPhoneSimulator
		AppStore|x64 = AppStore|x64
		AppStore|x86 = AppStore|x86
		Debug|Any CPU = Debug|Any CPU
		Debug|ARM = Debug|ARM
		Debug|iPhone = Debug|iPhone
		Debug|iPhoneSimulator = Debug|iPhoneSimulator
		Debug|x64 = Debug|x64
		Debug|x86 = Debug|x86
		Release|Any CPU = Release|Any CPU
		Release|ARM = Release|ARM
		Release|iPhone = Release|iPhone
		Release|iPhoneSimulator = Release|iPhoneSimulator
		Release|x64 = Release|x64
		Release|x86 = Release|x86
	EndGlobalSection
	GlobalSection(ProjectConfigurationPlatforms) = postSolution
		{91052A4B-25B6-442A-82E9-D01C4572017B}.Ad-Hoc|Any CPU.ActiveCfg = Release|Any CPU
		{91052A4B-25B6-442A-82E9-D01C4572017B}.Ad-Hoc|Any CPU.Build.0 = Release|Any CPU
		{91052A4B-25B6-442A-82E9-D01C4572017B}.Ad-Hoc|Any CPU.Deploy.0 = Release|Any CPU
		{91052A4B-25B6-442A-82E9-D01C4572017B}.Ad-Hoc|ARM.ActiveCfg = Release|Any CPU
		{91052A4B-25B6-442A-82E9-D01C4572017B}.Ad-Hoc|ARM.Build.0 = Release|Any CPU
		{91052A4B-25B6-442A-82E9-D01C4572017B}.Ad-Hoc|ARM.Deploy.0 = Release|Any CPU
		{91052A4B-25B6-442A-82E9-D01C4572017B}.Ad-Hoc|iPhone.ActiveCfg = Release|Any CPU
		{91052A4B-25B6-442A-82E9-D01C4572017B}.Ad-Hoc|iPhone.Build.0 = Release|Any CPU
		{91052A4B-25B6-442A-82E9-D01C4572017B}.Ad-Hoc|iPhone.Deploy.0 = Release|Any CPU
		{91052A4B-25B6-442A-82E9-D01C4572017B}.Ad-Hoc|iPhoneSimulator.ActiveCfg = Release|Any CPU
		{91052A4B-25B6-442A-82E9-D01C4572017B}.Ad-Hoc|iPhoneSimulator.Build.0 = Release|Any CPU
		{91052A4B-25B6-442A-82E9-D01C4572017B}.Ad-Hoc|iPhoneSimulator.Deploy.0 = Release|Any CPU
		{91052A4B-25B6-442A-82E9-D01C4572017B}.Ad-Hoc|x64.ActiveCfg = Release|Any CPU
		{91052A4B-25B6-442A-82E9-D01C4572017B}.Ad-Hoc|x64.Build.0 = Release|Any CPU
		{91052A4B-25B6-442A-82E9-D01C4572017B}.Ad-Hoc|x64.Deploy.0 = Release|Any CPU
		{91052A4B-25B6-442A-82E9-D01C4572017B}.Ad-Hoc|x86.ActiveCfg = Release|Any CPU
		{91052A4B-25B6-442A-82E9-D01C4572017B}.Ad-Hoc|x86.Build.0 = Release|Any CPU
		{91052A4B-25B6-442A-82E9-D01C4572017B}.Ad-Hoc|x86.Deploy.0 = Release|Any CPU
		{91052A4B-25B6-442A-82E9-D01C4572017B}.AppStore|Any CPU.ActiveCfg = Release|Any CPU
		{91052A4B-25B6-442A-82E9-D01C4572017B}.AppStore|Any CPU.Build.0 = Release|Any CPU
		{91052A4B-25B6-442A-82E9-D01C4572017B}.AppStore|Any CPU.Deploy.0 = Release|Any CPU
		{91052A4B-25B6-442A-82E9-D01C4572017B}.AppStore|ARM.ActiveCfg = Release|Any CPU
		{91052A4B-25B6-442A-82E9-D01C4572017B}.AppStore|ARM.Build.0 = Release|Any CPU
		{91052A4B-25B6-442A-82E9-D01C4572017B}.AppStore|ARM.Deploy.0 = Release|Any CPU
		{91052A4B-25B6-442A-82E9-D01C4572017B}.AppStore|iPhone.ActiveCfg = Release|Any CPU
		{91052A4B-25B6-442A-82E9-D01C4572017B}.AppStore|iPhone.Build.0 = Release|Any CPU
		{91052A4B-25B6-442A-82E9-D01C4572017B}.AppStore|iPhone.Deploy.0 = Release|Any CPU
		{91052A4B-25B6-442A-82E9-D01C4572017B}.AppStore|iPhoneSimulator.ActiveCfg = Release|Any CPU
		{91052A4B-25B6-442A-82E9-D01C4572017B}.AppStore|iPhoneSimulator.Build.0 = Release|Any CPU
		{91052A4B-25B6-442A-82E9-D01C4572017B}.AppStore|iPhoneSimulator.Deploy.0 = Release|Any CPU
		{91052A4B-25B6-442A-82E9-D01C4572017B}.AppStore|x64.ActiveCfg = Release|Any CPU
		{91052A4B-25B6-442A-82E9-D01C4572017B}.AppStore|x64.Build.0 = Release|Any CPU
		{91052A4B-25B6-442A-82E9-D01C4572017B}.AppStore|x64.Deploy.0 = Release|Any CPU
		{91052A4B-25B6-442A-82E9-D01C4572017B}.AppStore|x86.ActiveCfg = Release|Any CPU
		{91052A4B-25B6-442A-82E9-D01C4572017B}.AppStore|x86.Build.0 = Release|Any CPU
		{91052A4B-25B6-442A-82E9-D01C4572017B}.AppStore|x86.Deploy.0 = Release|Any CPU
		{91052A4B-25B6-442A-82E9-D01C4572017B}.Debug|Any CPU.ActiveCfg = Debug|Any CPU
		{91052A4B-25B6-442A-82E9-D01C4572017B}.Debug|Any CPU.Build.0 = Debug|Any CPU
		{91052A4B-25B6-442A-82E9-D01C4572017B}.Debug|Any CPU.Deploy.0 = Debug|Any CPU
		{91052A4B-25B6-442A-82E9-D01C4572017B}.Debug|ARM.ActiveCfg = Debug|Any CPU
		{91052A4B-25B6-442A-82E9-D01C4572017B}.Debug|ARM.Build.0 = Debug|Any CPU
		{91052A4B-25B6-442A-82E9-D01C4572017B}.Debug|ARM.Deploy.0 = Debug|Any CPU
		{91052A4B-25B6-442A-82E9-D01C4572017B}.Debug|iPhone.ActiveCfg = Debug|Any CPU
		{91052A4B-25B6-442A-82E9-D01C4572017B}.Debug|iPhone.Build.0 = Debug|Any CPU
		{91052A4B-25B6-442A-82E9-D01C4572017B}.Debug|iPhone.Deploy.0 = Debug|Any CPU
		{91052A4B-25B6-442A-82E9-D01C4572017B}.Debug|iPhoneSimulator.ActiveCfg = Debug|Any CPU
		{91052A4B-25B6-442A-82E9-D01C4572017B}.Debug|iPhoneSimulator.Build.0 = Debug|Any CPU
		{91052A4B-25B6-442A-82E9-D01C4572017B}.Debug|iPhoneSimulator.Deploy.0 = Debug|Any CPU
		{91052A4B-25B6-442A-82E9-D01C4572017B}.Debug|x64.ActiveCfg = Debug|Any CPU
		{91052A4B-25B6-442A-82E9-D01C4572017B}.Debug|x64.Build.0 = Debug|Any CPU
		{91052A4B-25B6-442A-82E9-D01C4572017B}.Debug|x64.Deploy.0 = Debug|Any CPU
		{91052A4B-25B6-442A-82E9-D01C4572017B}.Debug|x86.ActiveCfg = Debug|Any CPU
		{91052A4B-25B6-442A-82E9-D01C4572017B}.Debug|x86.Build.0 = Debug|Any CPU
		{91052A4B-25B6-442A-82E9-D01C4572017B}.Debug|x86.Deploy.0 = Debug|Any CPU
		{91052A4B-25B6-442A-82E9-D01C4572017B}.Release|Any CPU.ActiveCfg = Release|Any CPU
		{91052A4B-25B6-442A-82E9-D01C4572017B}.Release|Any CPU.Build.0 = Release|Any CPU
		{91052A4B-25B6-442A-82E9-D01C4572017B}.Release|Any CPU.Deploy.0 = Release|Any CPU
		{91052A4B-25B6-442A-82E9-D01C4572017B}.Release|ARM.ActiveCfg = Release|Any CPU
		{91052A4B-25B6-442A-82E9-D01C4572017B}.Release|ARM.Build.0 = Release|Any CPU
		{91052A4B-25B6-442A-82E9-D01C4572017B}.Release|ARM.Deploy.0 = Release|Any CPU
		{91052A4B-25B6-442A-82E9-D01C4572017B}.Release|iPhone.ActiveCfg = Release|Any CPU
		{91052A4B-25B6-442A-82E9-D01C4572017B}.Release|iPhone.Build.0 = Release|Any CPU
		{91052A4B-25B6-442A-82E9-D01C4572017B}.Release|iPhone.Deploy.0 = Release|Any CPU
		{91052A4B-25B6-442A-82E9-D01C4572017B}.Release|iPhoneSimulator.ActiveCfg = Release|Any CPU
		{91052A4B-25B6-442A-82E9-D01C4572017B}.Release|iPhoneSimulator.Build.0 = Release|Any CPU
		{91052A4B-25B6-442A-82E9-D01C4572017B}.Release|iPhoneSimulator.Deploy.0 = Release|Any CPU
		{91052A4B-25B6-442A-82E9-D01C4572017B}.Release|x64.ActiveCfg = Release|Any CPU
		{91052A4B-25B6-442A-82E9-D01C4572017B}.Release|x64.Build.0 = Release|Any CPU
		{91052A4B-25B6-442A-82E9-D01C4572017B}.Release|x64.Deploy.0 = Release|Any CPU
		{91052A4B-25B6-442A-82E9-D01C4572017B}.Release|x86.ActiveCfg = Release|Any CPU
		{91052A4B-25B6-442A-82E9-D01C4572017B}.Release|x86.Build.0 = Release|Any CPU
		{91052A4B-25B6-442A-82E9-D01C4572017B}.Release|x86.Deploy.0 = Release|Any CPU
		{B853B537-14C1-4503-BD7F-1FD1EB28D005}.Ad-Hoc|Any CPU.ActiveCfg = Ad-Hoc|iPhone
		{B853B537-14C1-4503-BD7F-1FD1EB28D005}.Ad-Hoc|ARM.ActiveCfg = Ad-Hoc|iPhone
		{B853B537-14C1-4503-BD7F-1FD1EB28D005}.Ad-Hoc|iPhone.ActiveCfg = Ad-Hoc|iPhone
		{B853B537-14C1-4503-BD7F-1FD1EB28D005}.Ad-Hoc|iPhone.Build.0 = Ad-Hoc|iPhone
		{B853B537-14C1-4503-BD7F-1FD1EB28D005}.Ad-Hoc|iPhoneSimulator.ActiveCfg = Ad-Hoc|iPhoneSimulator
		{B853B537-14C1-4503-BD7F-1FD1EB28D005}.Ad-Hoc|iPhoneSimulator.Build.0 = Ad-Hoc|iPhoneSimulator
		{B853B537-14C1-4503-BD7F-1FD1EB28D005}.Ad-Hoc|x64.ActiveCfg = Ad-Hoc|iPhone
		{B853B537-14C1-4503-BD7F-1FD1EB28D005}.Ad-Hoc|x86.ActiveCfg = Ad-Hoc|iPhone
		{B853B537-14C1-4503-BD7F-1FD1EB28D005}.AppStore|Any CPU.ActiveCfg = AppStore|iPhone
		{B853B537-14C1-4503-BD7F-1FD1EB28D005}.AppStore|ARM.ActiveCfg = AppStore|iPhone
		{B853B537-14C1-4503-BD7F-1FD1EB28D005}.AppStore|iPhone.ActiveCfg = AppStore|iPhone
		{B853B537-14C1-4503-BD7F-1FD1EB28D005}.AppStore|iPhone.Build.0 = AppStore|iPhone
		{B853B537-14C1-4503-BD7F-1FD1EB28D005}.AppStore|iPhoneSimulator.ActiveCfg = AppStore|iPhoneSimulator
		{B853B537-14C1-4503-BD7F-1FD1EB28D005}.AppStore|iPhoneSimulator.Build.0 = AppStore|iPhoneSimulator
		{B853B537-14C1-4503-BD7F-1FD1EB28D005}.AppStore|x64.ActiveCfg = AppStore|iPhone
		{B853B537-14C1-4503-BD7F-1FD1EB28D005}.AppStore|x86.ActiveCfg = AppStore|iPhone
		{B853B537-14C1-4503-BD7F-1FD1EB28D005}.Debug|Any CPU.ActiveCfg = Debug|iPhone
		{B853B537-14C1-4503-BD7F-1FD1EB28D005}.Debug|ARM.ActiveCfg = Debug|iPhone
		{B853B537-14C1-4503-BD7F-1FD1EB28D005}.Debug|iPhone.ActiveCfg = Debug|iPhone
		{B853B537-14C1-4503-BD7F-1FD1EB28D005}.Debug|iPhone.Build.0 = Debug|iPhone
		{B853B537-14C1-4503-BD7F-1FD1EB28D005}.Debug|iPhoneSimulator.ActiveCfg = Debug|iPhoneSimulator
		{B853B537-14C1-4503-BD7F-1FD1EB28D005}.Debug|iPhoneSimulator.Build.0 = Debug|iPhoneSimulator
		{B853B537-14C1-4503-BD7F-1FD1EB28D005}.Debug|x64.ActiveCfg = Debug|iPhone
		{B853B537-14C1-4503-BD7F-1FD1EB28D005}.Debug|x86.ActiveCfg = Debug|iPhone
		{B853B537-14C1-4503-BD7F-1FD1EB28D005}.Release|Any CPU.ActiveCfg = Release|iPhone
		{B853B537-14C1-4503-BD7F-1FD1EB28D005}.Release|ARM.ActiveCfg = Release|iPhone
		{B853B537-14C1-4503-BD7F-1FD1EB28D005}.Release|iPhone.ActiveCfg = Release|iPhone
		{B853B537-14C1-4503-BD7F-1FD1EB28D005}.Release|iPhone.Build.0 = Release|iPhone
		{B853B537-14C1-4503-BD7F-1FD1EB28D005}.Release|iPhoneSimulator.ActiveCfg = Release|iPhoneSimulator
		{B853B537-14C1-4503-BD7F-1FD1EB28D005}.Release|iPhoneSimulator.Build.0 = Release|iPhoneSimulator
		{B853B537-14C1-4503-BD7F-1FD1EB28D005}.Release|x64.ActiveCfg = Release|iPhone
		{B853B537-14C1-4503-BD7F-1FD1EB28D005}.Release|x86.ActiveCfg = Release|iPhone
		{816F5DC8-D94E-462F-B9B8-ADB30931C277}.Ad-Hoc|Any CPU.ActiveCfg = Release|x86
		{816F5DC8-D94E-462F-B9B8-ADB30931C277}.Ad-Hoc|Any CPU.Build.0 = Release|x86
		{816F5DC8-D94E-462F-B9B8-ADB30931C277}.Ad-Hoc|Any CPU.Deploy.0 = Release|x86
		{816F5DC8-D94E-462F-B9B8-ADB30931C277}.Ad-Hoc|ARM.ActiveCfg = Release|ARM
		{816F5DC8-D94E-462F-B9B8-ADB30931C277}.Ad-Hoc|ARM.Build.0 = Release|ARM
		{816F5DC8-D94E-462F-B9B8-ADB30931C277}.Ad-Hoc|ARM.Deploy.0 = Release|ARM
		{816F5DC8-D94E-462F-B9B8-ADB30931C277}.Ad-Hoc|iPhone.ActiveCfg = Release|x86
		{816F5DC8-D94E-462F-B9B8-ADB30931C277}.Ad-Hoc|iPhone.Build.0 = Release|x86
		{816F5DC8-D94E-462F-B9B8-ADB30931C277}.Ad-Hoc|iPhone.Deploy.0 = Release|x86
		{816F5DC8-D94E-462F-B9B8-ADB30931C277}.Ad-Hoc|iPhoneSimulator.ActiveCfg = Release|x86
		{816F5DC8-D94E-462F-B9B8-ADB30931C277}.Ad-Hoc|iPhoneSimulator.Build.0 = Release|x86
		{816F5DC8-D94E-462F-B9B8-ADB30931C277}.Ad-Hoc|iPhoneSimulator.Deploy.0 = Release|x86
		{816F5DC8-D94E-462F-B9B8-ADB30931C277}.Ad-Hoc|x64.ActiveCfg = Release|x64
		{816F5DC8-D94E-462F-B9B8-ADB30931C277}.Ad-Hoc|x64.Build.0 = Release|x64
		{816F5DC8-D94E-462F-B9B8-ADB30931C277}.Ad-Hoc|x64.Deploy.0 = Release|x64
		{816F5DC8-D94E-462F-B9B8-ADB30931C277}.Ad-Hoc|x86.ActiveCfg = Release|x86
		{816F5DC8-D94E-462F-B9B8-ADB30931C277}.Ad-Hoc|x86.Build.0 = Release|x86
		{816F5DC8-D94E-462F-B9B8-ADB30931C277}.Ad-Hoc|x86.Deploy.0 = Release|x86
		{816F5DC8-D94E-462F-B9B8-ADB30931C277}.AppStore|Any CPU.ActiveCfg = Release|x86
		{816F5DC8-D94E-462F-B9B8-ADB30931C277}.AppStore|Any CPU.Build.0 = Release|x86
		{816F5DC8-D94E-462F-B9B8-ADB30931C277}.AppStore|Any CPU.Deploy.0 = Release|x86
		{816F5DC8-D94E-462F-B9B8-ADB30931C277}.AppStore|ARM.ActiveCfg = Release|ARM
		{816F5DC8-D94E-462F-B9B8-ADB30931C277}.AppStore|ARM.Build.0 = Release|ARM
		{816F5DC8-D94E-462F-B9B8-ADB30931C277}.AppStore|ARM.Deploy.0 = Release|ARM
		{816F5DC8-D94E-462F-B9B8-ADB30931C277}.AppStore|iPhone.ActiveCfg = Release|x86
		{816F5DC8-D94E-462F-B9B8-ADB30931C277}.AppStore|iPhone.Build.0 = Release|x86
		{816F5DC8-D94E-462F-B9B8-ADB30931C277}.AppStore|iPhone.Deploy.0 = Release|x86
		{816F5DC8-D94E-462F-B9B8-ADB30931C277}.AppStore|iPhoneSimulator.ActiveCfg = Release|x86
		{816F5DC8-D94E-462F-B9B8-ADB30931C277}.AppStore|iPhoneSimulator.Build.0 = Release|x86
		{816F5DC8-D94E-462F-B9B8-ADB30931C277}.AppStore|iPhoneSimulator.Deploy.0 = Release|x86
		{816F5DC8-D94E-462F-B9B8-ADB30931C277}.AppStore|x64.ActiveCfg = Release|x64
		{816F5DC8-D94E-462F-B9B8-ADB30931C277}.AppStore|x64.Build.0 = Release|x64
		{816F5DC8-D94E-462F-B9B8-ADB30931C277}.AppStore|x64.Deploy.0 = Release|x64
		{816F5DC8-D94E-462F-B9B8-ADB30931C277}.AppStore|x86.ActiveCfg = Release|x86
		{816F5DC8-D94E-462F-B9B8-ADB30931C277}.AppStore|x86.Build.0 = Release|x86
		{816F5DC8-D94E-462F-B9B8-ADB30931C277}.AppStore|x86.Deploy.0 = Release|x86
		{816F5DC8-D94E-462F-B9B8-ADB30931C277}.Debug|Any CPU.ActiveCfg = Debug|x86
		{816F5DC8-D94E-462F-B9B8-ADB30931C277}.Debug|ARM.ActiveCfg = Debug|ARM
		{816F5DC8-D94E-462F-B9B8-ADB30931C277}.Debug|ARM.Build.0 = Debug|ARM
		{816F5DC8-D94E-462F-B9B8-ADB30931C277}.Debug|ARM.Deploy.0 = Debug|ARM
		{816F5DC8-D94E-462F-B9B8-ADB30931C277}.Debug|iPhone.ActiveCfg = Debug|x86
		{816F5DC8-D94E-462F-B9B8-ADB30931C277}.Debug|iPhoneSimulator.ActiveCfg = Debug|x86
		{816F5DC8-D94E-462F-B9B8-ADB30931C277}.Debug|x64.ActiveCfg = Debug|x64
		{816F5DC8-D94E-462F-B9B8-ADB30931C277}.Debug|x64.Build.0 = Debug|x64
		{816F5DC8-D94E-462F-B9B8-ADB30931C277}.Debug|x64.Deploy.0 = Debug|x64
		{816F5DC8-D94E-462F-B9B8-ADB30931C277}.Debug|x86.ActiveCfg = Debug|x86
		{816F5DC8-D94E-462F-B9B8-ADB30931C277}.Debug|x86.Build.0 = Debug|x86
		{816F5DC8-D94E-462F-B9B8-ADB30931C277}.Debug|x86.Deploy.0 = Debug|x86
		{816F5DC8-D94E-462F-B9B8-ADB30931C277}.Release|Any CPU.ActiveCfg = Release|x86
		{816F5DC8-D94E-462F-B9B8-ADB30931C277}.Release|ARM.ActiveCfg = Release|ARM
		{816F5DC8-D94E-462F-B9B8-ADB30931C277}.Release|ARM.Build.0 = Release|ARM
		{816F5DC8-D94E-462F-B9B8-ADB30931C277}.Release|ARM.Deploy.0 = Release|ARM
		{816F5DC8-D94E-462F-B9B8-ADB30931C277}.Release|iPhone.ActiveCfg = Release|x86
		{816F5DC8-D94E-462F-B9B8-ADB30931C277}.Release|iPhoneSimulator.ActiveCfg = Release|x86
		{816F5DC8-D94E-462F-B9B8-ADB30931C277}.Release|x64.ActiveCfg = Release|x64
		{816F5DC8-D94E-462F-B9B8-ADB30931C277}.Release|x64.Build.0 = Release|x64
		{816F5DC8-D94E-462F-B9B8-ADB30931C277}.Release|x64.Deploy.0 = Release|x64
		{816F5DC8-D94E-462F-B9B8-ADB30931C277}.Release|x86.ActiveCfg = Release|x86
		{816F5DC8-D94E-462F-B9B8-ADB30931C277}.Release|x86.Build.0 = Release|x86
		{816F5DC8-D94E-462F-B9B8-ADB30931C277}.Release|x86.Deploy.0 = Release|x86
	EndGlobalSection
	GlobalSection(SolutionProperties) = preSolution
		HideSolutionNode = FALSE
	EndGlobalSection
EndGlobal
