
Microsoft Visual Studio Solution File, Format Version 12.00
# Visual Studio 15
VisualStudioVersion = 15.0.26430.12
MinimumVisualStudioVersion = 10.0.40219.1
Project("{D954291E-2A0B-460D-934E-DC6B0785DB48}") = "VisualSearchApp", "VisualSearchApp\VisualSearchApp\VisualSearchApp.shproj", "{0B09A932-1FF9-46F4-B6D8-915B0FD44B3C}"
EndProject
Project("{FAE04EC0-301F-11D3-BF4B-00C04F79EFBC}") = "VisualSearchApp.Android", "VisualSearchApp\VisualSearchApp.Android\VisualSearchApp.Android.csproj", "{3FB324A2-DCC5-4B15-A101-AE7A8FE857D8}"
EndProject
Project("{FAE04EC0-301F-11D3-BF4B-00C04F79EFBC}") = "VisualSearchApp.iOS", "VisualSearchApp\VisualSearchApp.iOS\VisualSearchApp.iOS.csproj", "{181C5D6B-C848-4F4C-BDF0-BFB7DC53CCD3}"
EndProject
Project("{FAE04EC0-301F-11D3-BF4B-00C04F79EFBC}") = "VisualSearchApp.UWP", "VisualSearchApp\VisualSearchApp.UWP\VisualSearchApp.UWP.csproj", "{46C41A02-F19A-47A0-9F1E-CA5977346922}"
EndProject
Global
	GlobalSection(SharedMSBuildProjectFiles) = preSolution
		VisualSearchApp\VisualSearchApp\VisualSearchApp.projitems*{0b09a932-1ff9-46f4-b6d8-915b0fd44b3c}*SharedItemsImports = 13
		VisualSearchApp\VisualSearchApp\VisualSearchApp.projitems*{181c5d6b-c848-4f4c-bdf0-bfb7dc53ccd3}*SharedItemsImports = 4
		VisualSearchApp\VisualSearchApp\VisualSearchApp.projitems*{3fb324a2-dcc5-4b15-a101-ae7a8fe857d8}*SharedItemsImports = 4
		VisualSearchApp\VisualSearchApp\VisualSearchApp.projitems*{46c41a02-f19a-47a0-9f1e-ca5977346922}*SharedItemsImports = 4
	EndGlobalSection
	GlobalSection(SolutionConfigurationPlatforms) = preSolution
		Ad-Hoc|Any CPU = Ad-Hoc|Any CPU
		Ad-Hoc|ARM = Ad-Hoc|ARM
		Ad-Hoc|iPhone = Ad-Hoc|iPhone
		Ad-Hoc|iPhoneSimulator = Ad-Hoc|iPhoneSimulator
		Ad-Hoc|x64 = Ad-Hoc|x64
		Ad-Hoc|x86 = Ad-Hoc|x86
		AppStore|Any CPU = AppStore|Any CPU
		AppStore|ARM = AppStore|ARM
		AppStore|iPhone = AppStore|iPhone
		AppStore|iPhoneSimulator = AppStore|iPhoneSimulator
		AppStore|x64 = AppStore|x64
		AppStore|x86 = AppStore|x86
		Debug|Any CPU = Debug|Any CPU
		Debug|ARM = Debug|ARM
		Debug|iPhone = Debug|iPhone
		Debug|iPhoneSimulator = Debug|iPhoneSimulator
		Debug|x64 = Debug|x64
		Debug|x86 = Debug|x86
		Release|Any CPU = Release|Any CPU
		Release|ARM = Release|ARM
		Release|iPhone = Release|iPhone
		Release|iPhoneSimulator = Release|iPhoneSimulator
		Release|x64 = Release|x64
		Release|x86 = Release|x86
	EndGlobalSection
	GlobalSection(ProjectConfigurationPlatforms) = postSolution
		{3FB324A2-DCC5-4B15-A101-AE7A8FE857D8}.Ad-Hoc|Any CPU.ActiveCfg = Release|Any CPU
		{3FB324A2-DCC5-4B15-A101-AE7A8FE857D8}.Ad-Hoc|Any CPU.Build.0 = Release|Any CPU
		{3FB324A2-DCC5-4B15-A101-AE7A8FE857D8}.Ad-Hoc|Any CPU.Deploy.0 = Release|Any CPU
		{3FB324A2-DCC5-4B15-A101-AE7A8FE857D8}.Ad-Hoc|ARM.ActiveCfg = Release|Any CPU
		{3FB324A2-DCC5-4B15-A101-AE7A8FE857D8}.Ad-Hoc|ARM.Build.0 = Release|Any CPU
		{3FB324A2-DCC5-4B15-A101-AE7A8FE857D8}.Ad-Hoc|ARM.Deploy.0 = Release|Any CPU
		{3FB324A2-DCC5-4B15-A101-AE7A8FE857D8}.Ad-Hoc|iPhone.ActiveCfg = Release|Any CPU
		{3FB324A2-DCC5-4B15-A101-AE7A8FE857D8}.Ad-Hoc|iPhone.Build.0 = Release|Any CPU
		{3FB324A2-DCC5-4B15-A101-AE7A8FE857D8}.Ad-Hoc|iPhone.Deploy.0 = Release|Any CPU
		{3FB324A2-DCC5-4B15-A101-AE7A8FE857D8}.Ad-Hoc|iPhoneSimulator.ActiveCfg = Release|Any CPU
		{3FB324A2-DCC5-4B15-A101-AE7A8FE857D8}.Ad-Hoc|iPhoneSimulator.Build.0 = Release|Any CPU
		{3FB324A2-DCC5-4B15-A101-AE7A8FE857D8}.Ad-Hoc|iPhoneSimulator.Deploy.0 = Release|Any CPU
		{3FB324A2-DCC5-4B15-A101-AE7A8FE857D8}.Ad-Hoc|x64.ActiveCfg = Release|Any CPU
		{3FB324A2-DCC5-4B15-A101-AE7A8FE857D8}.Ad-Hoc|x64.Build.0 = Release|Any CPU
		{3FB324A2-DCC5-4B15-A101-AE7A8FE857D8}.Ad-Hoc|x64.Deploy.0 = Release|Any CPU
		{3FB324A2-DCC5-4B15-A101-AE7A8FE857D8}.Ad-Hoc|x86.ActiveCfg = Release|Any CPU
		{3FB324A2-DCC5-4B15-A101-AE7A8FE857D8}.Ad-Hoc|x86.Build.0 = Release|Any CPU
		{3FB324A2-DCC5-4B15-A101-AE7A8FE857D8}.Ad-Hoc|x86.Deploy.0 = Release|Any CPU
		{3FB324A2-DCC5-4B15-A101-AE7A8FE857D8}.AppStore|Any CPU.ActiveCfg = Release|Any CPU
		{3FB324A2-DCC5-4B15-A101-AE7A8FE857D8}.AppStore|Any CPU.Build.0 = Release|Any CPU
		{3FB324A2-DCC5-4B15-A101-AE7A8FE857D8}.AppStore|Any CPU.Deploy.0 = Release|Any CPU
		{3FB324A2-DCC5-4B15-A101-AE7A8FE857D8}.AppStore|ARM.ActiveCfg = Release|Any CPU
		{3FB324A2-DCC5-4B15-A101-AE7A8FE857D8}.AppStore|ARM.Build.0 = Release|Any CPU
		{3FB324A2-DCC5-4B15-A101-AE7A8FE857D8}.AppStore|ARM.Deploy.0 = Release|Any CPU
		{3FB324A2-DCC5-4B15-A101-AE7A8FE857D8}.AppStore|iPhone.ActiveCfg = Release|Any CPU
		{3FB324A2-DCC5-4B15-A101-AE7A8FE857D8}.AppStore|iPhone.Build.0 = Release|Any CPU
		{3FB324A2-DCC5-4B15-A101-AE7A8FE857D8}.AppStore|iPhone.Deploy.0 = Release|Any CPU
		{3FB324A2-DCC5-4B15-A101-AE7A8FE857D8}.AppStore|iPhoneSimulator.ActiveCfg = Release|Any CPU
		{3FB324A2-DCC5-4B15-A101-AE7A8FE857D8}.AppStore|iPhoneSimulator.Build.0 = Release|Any CPU
		{3FB324A2-DCC5-4B15-A101-AE7A8FE857D8}.AppStore|iPhoneSimulator.Deploy.0 = Release|Any CPU
		{3FB324A2-DCC5-4B15-A101-AE7A8FE857D8}.AppStore|x64.ActiveCfg = Release|Any CPU
		{3FB324A2-DCC5-4B15-A101-AE7A8FE857D8}.AppStore|x64.Build.0 = Release|Any CPU
		{3FB324A2-DCC5-4B15-A101-AE7A8FE857D8}.AppStore|x64.Deploy.0 = Release|Any CPU
		{3FB324A2-DCC5-4B15-A101-AE7A8FE857D8}.AppStore|x86.ActiveCfg = Release|Any CPU
		{3FB324A2-DCC5-4B15-A101-AE7A8FE857D8}.AppStore|x86.Build.0 = Release|Any CPU
		{3FB324A2-DCC5-4B15-A101-AE7A8FE857D8}.AppStore|x86.Deploy.0 = Release|Any CPU
		{3FB324A2-DCC5-4B15-A101-AE7A8FE857D8}.Debug|Any CPU.ActiveCfg = Debug|Any CPU
		{3FB324A2-DCC5-4B15-A101-AE7A8FE857D8}.Debug|Any CPU.Build.0 = Debug|Any CPU
		{3FB324A2-DCC5-4B15-A101-AE7A8FE857D8}.Debug|Any CPU.Deploy.0 = Debug|Any CPU
		{3FB324A2-DCC5-4B15-A101-AE7A8FE857D8}.Debug|ARM.ActiveCfg = Debug|Any CPU
		{3FB324A2-DCC5-4B15-A101-AE7A8FE857D8}.Debug|ARM.Build.0 = Debug|Any CPU
		{3FB324A2-DCC5-4B15-A101-AE7A8FE857D8}.Debug|ARM.Deploy.0 = Debug|Any CPU
		{3FB324A2-DCC5-4B15-A101-AE7A8FE857D8}.Debug|iPhone.ActiveCfg = Debug|Any CPU
		{3FB324A2-DCC5-4B15-A101-AE7A8FE857D8}.Debug|iPhone.Build.0 = Debug|Any CPU
		{3FB324A2-DCC5-4B15-A101-AE7A8FE857D8}.Debug|iPhone.Deploy.0 = Debug|Any CPU
		{3FB324A2-DCC5-4B15-A101-AE7A8FE857D8}.Debug|iPhoneSimulator.ActiveCfg = Debug|Any CPU
		{3FB324A2-DCC5-4B15-A101-AE7A8FE857D8}.Debug|iPhoneSimulator.Build.0 = Debug|Any CPU
		{3FB324A2-DCC5-4B15-A101-AE7A8FE857D8}.Debug|iPhoneSimulator.Deploy.0 = Debug|Any CPU
		{3FB324A2-DCC5-4B15-A101-AE7A8FE857D8}.Debug|x64.ActiveCfg = Debug|Any CPU
		{3FB324A2-DCC5-4B15-A101-AE7A8FE857D8}.Debug|x64.Build.0 = Debug|Any CPU
		{3FB324A2-DCC5-4B15-A101-AE7A8FE857D8}.Debug|x64.Deploy.0 = Debug|Any CPU
		{3FB324A2-DCC5-4B15-A101-AE7A8FE857D8}.Debug|x86.ActiveCfg = Debug|Any CPU
		{3FB324A2-DCC5-4B15-A101-AE7A8FE857D8}.Debug|x86.Build.0 = Debug|Any CPU
		{3FB324A2-DCC5-4B15-A101-AE7A8FE857D8}.Debug|x86.Deploy.0 = Debug|Any CPU
		{3FB324A2-DCC5-4B15-A101-AE7A8FE857D8}.Release|Any CPU.ActiveCfg = Release|Any CPU
		{3FB324A2-DCC5-4B15-A101-AE7A8FE857D8}.Release|Any CPU.Build.0 = Release|Any CPU
		{3FB324A2-DCC5-4B15-A101-AE7A8FE857D8}.Release|Any CPU.Deploy.0 = Release|Any CPU
		{3FB324A2-DCC5-4B15-A101-AE7A8FE857D8}.Release|ARM.ActiveCfg = Release|Any CPU
		{3FB324A2-DCC5-4B15-A101-AE7A8FE857D8}.Release|ARM.Build.0 = Release|Any CPU
		{3FB324A2-DCC5-4B15-A101-AE7A8FE857D8}.Release|ARM.Deploy.0 = Release|Any CPU
		{3FB324A2-DCC5-4B15-A101-AE7A8FE857D8}.Release|iPhone.ActiveCfg = Release|Any CPU
		{3FB324A2-DCC5-4B15-A101-AE7A8FE857D8}.Release|iPhone.Build.0 = Release|Any CPU
		{3FB324A2-DCC5-4B15-A101-AE7A8FE857D8}.Release|iPhone.Deploy.0 = Release|Any CPU
		{3FB324A2-DCC5-4B15-A101-AE7A8FE857D8}.Release|iPhoneSimulator.ActiveCfg = Release|Any CPU
		{3FB324A2-DCC5-4B15-A101-AE7A8FE857D8}.Release|iPhoneSimulator.Build.0 = Release|Any CPU
		{3FB324A2-DCC5-4B15-A101-AE7A8FE857D8}.Release|iPhoneSimulator.Deploy.0 = Release|Any CPU
		{3FB324A2-DCC5-4B15-A101-AE7A8FE857D8}.Release|x64.ActiveCfg = Release|Any CPU
		{3FB324A2-DCC5-4B15-A101-AE7A8FE857D8}.Release|x64.Build.0 = Release|Any CPU
		{3FB324A2-DCC5-4B15-A101-AE7A8FE857D8}.Release|x64.Deploy.0 = Release|Any CPU
		{3FB324A2-DCC5-4B15-A101-AE7A8FE857D8}.Release|x86.ActiveCfg = Release|Any CPU
		{3FB324A2-DCC5-4B15-A101-AE7A8FE857D8}.Release|x86.Build.0 = Release|Any CPU
		{3FB324A2-DCC5-4B15-A101-AE7A8FE857D8}.Release|x86.Deploy.0 = Release|Any CPU
		{181C5D6B-C848-4F4C-BDF0-BFB7DC53CCD3}.Ad-Hoc|Any CPU.ActiveCfg = Ad-Hoc|iPhone
		{181C5D6B-C848-4F4C-BDF0-BFB7DC53CCD3}.Ad-Hoc|ARM.ActiveCfg = Ad-Hoc|iPhone
		{181C5D6B-C848-4F4C-BDF0-BFB7DC53CCD3}.Ad-Hoc|iPhone.ActiveCfg = Ad-Hoc|iPhone
		{181C5D6B-C848-4F4C-BDF0-BFB7DC53CCD3}.Ad-Hoc|iPhone.Build.0 = Ad-Hoc|iPhone
		{181C5D6B-C848-4F4C-BDF0-BFB7DC53CCD3}.Ad-Hoc|iPhoneSimulator.ActiveCfg = Ad-Hoc|iPhoneSimulator
		{181C5D6B-C848-4F4C-BDF0-BFB7DC53CCD3}.Ad-Hoc|iPhoneSimulator.Build.0 = Ad-Hoc|iPhoneSimulator
		{181C5D6B-C848-4F4C-BDF0-BFB7DC53CCD3}.Ad-Hoc|x64.ActiveCfg = Ad-Hoc|iPhone
		{181C5D6B-C848-4F4C-BDF0-BFB7DC53CCD3}.Ad-Hoc|x86.ActiveCfg = Ad-Hoc|iPhone
		{181C5D6B-C848-4F4C-BDF0-BFB7DC53CCD3}.AppStore|Any CPU.ActiveCfg = AppStore|iPhone
		{181C5D6B-C848-4F4C-BDF0-BFB7DC53CCD3}.AppStore|ARM.ActiveCfg = AppStore|iPhone
		{181C5D6B-C848-4F4C-BDF0-BFB7DC53CCD3}.AppStore|iPhone.ActiveCfg = AppStore|iPhone
		{181C5D6B-C848-4F4C-BDF0-BFB7DC53CCD3}.AppStore|iPhone.Build.0 = AppStore|iPhone
		{181C5D6B-C848-4F4C-BDF0-BFB7DC53CCD3}.AppStore|iPhoneSimulator.ActiveCfg = AppStore|iPhoneSimulator
		{181C5D6B-C848-4F4C-BDF0-BFB7DC53CCD3}.AppStore|iPhoneSimulator.Build.0 = AppStore|iPhoneSimulator
		{181C5D6B-C848-4F4C-BDF0-BFB7DC53CCD3}.AppStore|x64.ActiveCfg = AppStore|iPhone
		{181C5D6B-C848-4F4C-BDF0-BFB7DC53CCD3}.AppStore|x86.ActiveCfg = AppStore|iPhone
		{181C5D6B-C848-4F4C-BDF0-BFB7DC53CCD3}.Debug|Any CPU.ActiveCfg = Debug|iPhone
		{181C5D6B-C848-4F4C-BDF0-BFB7DC53CCD3}.Debug|ARM.ActiveCfg = Debug|iPhone
		{181C5D6B-C848-4F4C-BDF0-BFB7DC53CCD3}.Debug|iPhone.ActiveCfg = Debug|iPhone
		{181C5D6B-C848-4F4C-BDF0-BFB7DC53CCD3}.Debug|iPhone.Build.0 = Debug|iPhone
		{181C5D6B-C848-4F4C-BDF0-BFB7DC53CCD3}.Debug|iPhoneSimulator.ActiveCfg = Debug|iPhoneSimulator
		{181C5D6B-C848-4F4C-BDF0-BFB7DC53CCD3}.Debug|iPhoneSimulator.Build.0 = Debug|iPhoneSimulator
		{181C5D6B-C848-4F4C-BDF0-BFB7DC53CCD3}.Debug|x64.ActiveCfg = Debug|iPhone
		{181C5D6B-C848-4F4C-BDF0-BFB7DC53CCD3}.Debug|x86.ActiveCfg = Debug|iPhone
		{181C5D6B-C848-4F4C-BDF0-BFB7DC53CCD3}.Release|Any CPU.ActiveCfg = Release|iPhone
		{181C5D6B-C848-4F4C-BDF0-BFB7DC53CCD3}.Release|ARM.ActiveCfg = Release|iPhone
		{181C5D6B-C848-4F4C-BDF0-BFB7DC53CCD3}.Release|iPhone.ActiveCfg = Release|iPhone
		{181C5D6B-C848-4F4C-BDF0-BFB7DC53CCD3}.Release|iPhone.Build.0 = Release|iPhone
		{181C5D6B-C848-4F4C-BDF0-BFB7DC53CCD3}.Release|iPhoneSimulator.ActiveCfg = Release|iPhoneSimulator
		{181C5D6B-C848-4F4C-BDF0-BFB7DC53CCD3}.Release|iPhoneSimulator.Build.0 = Release|iPhoneSimulator
		{181C5D6B-C848-4F4C-BDF0-BFB7DC53CCD3}.Release|x64.ActiveCfg = Release|iPhone
		{181C5D6B-C848-4F4C-BDF0-BFB7DC53CCD3}.Release|x86.ActiveCfg = Release|iPhone
		{46C41A02-F19A-47A0-9F1E-CA5977346922}.Ad-Hoc|Any CPU.ActiveCfg = Release|x86
		{46C41A02-F19A-47A0-9F1E-CA5977346922}.Ad-Hoc|Any CPU.Build.0 = Release|x86
		{46C41A02-F19A-47A0-9F1E-CA5977346922}.Ad-Hoc|Any CPU.Deploy.0 = Release|x86
		{46C41A02-F19A-47A0-9F1E-CA5977346922}.Ad-Hoc|ARM.ActiveCfg = Release|ARM
		{46C41A02-F19A-47A0-9F1E-CA5977346922}.Ad-Hoc|ARM.Build.0 = Release|ARM
		{46C41A02-F19A-47A0-9F1E-CA5977346922}.Ad-Hoc|ARM.Deploy.0 = Release|ARM
		{46C41A02-F19A-47A0-9F1E-CA5977346922}.Ad-Hoc|iPhone.ActiveCfg = Release|x86
		{46C41A02-F19A-47A0-9F1E-CA5977346922}.Ad-Hoc|iPhone.Build.0 = Release|x86
		{46C41A02-F19A-47A0-9F1E-CA5977346922}.Ad-Hoc|iPhone.Deploy.0 = Release|x86
		{46C41A02-F19A-47A0-9F1E-CA5977346922}.Ad-Hoc|iPhoneSimulator.ActiveCfg = Release|x86
		{46C41A02-F19A-47A0-9F1E-CA5977346922}.Ad-Hoc|iPhoneSimulator.Build.0 = Release|x86
		{46C41A02-F19A-47A0-9F1E-CA5977346922}.Ad-Hoc|iPhoneSimulator.Deploy.0 = Release|x86
		{46C41A02-F19A-47A0-9F1E-CA5977346922}.Ad-Hoc|x64.ActiveCfg = Release|x64
		{46C41A02-F19A-47A0-9F1E-CA5977346922}.Ad-Hoc|x64.Build.0 = Release|x64
		{46C41A02-F19A-47A0-9F1E-CA5977346922}.Ad-Hoc|x64.Deploy.0 = Release|x64
		{46C41A02-F19A-47A0-9F1E-CA5977346922}.Ad-Hoc|x86.ActiveCfg = Release|x86
		{46C41A02-F19A-47A0-9F1E-CA5977346922}.Ad-Hoc|x86.Build.0 = Release|x86
		{46C41A02-F19A-47A0-9F1E-CA5977346922}.Ad-Hoc|x86.Deploy.0 = Release|x86
		{46C41A02-F19A-47A0-9F1E-CA5977346922}.AppStore|Any CPU.ActiveCfg = Release|x86
		{46C41A02-F19A-47A0-9F1E-CA5977346922}.AppStore|Any CPU.Build.0 = Release|x86
		{46C41A02-F19A-47A0-9F1E-CA5977346922}.AppStore|Any CPU.Deploy.0 = Release|x86
		{46C41A02-F19A-47A0-9F1E-CA5977346922}.AppStore|ARM.ActiveCfg = Release|ARM
		{46C41A02-F19A-47A0-9F1E-CA5977346922}.AppStore|ARM.Build.0 = Release|ARM
		{46C41A02-F19A-47A0-9F1E-CA5977346922}.AppStore|ARM.Deploy.0 = Release|ARM
		{46C41A02-F19A-47A0-9F1E-CA5977346922}.AppStore|iPhone.ActiveCfg = Release|x86
		{46C41A02-F19A-47A0-9F1E-CA5977346922}.AppStore|iPhone.Build.0 = Release|x86
		{46C41A02-F19A-47A0-9F1E-CA5977346922}.AppStore|iPhone.Deploy.0 = Release|x86
		{46C41A02-F19A-47A0-9F1E-CA5977346922}.AppStore|iPhoneSimulator.ActiveCfg = Release|x86
		{46C41A02-F19A-47A0-9F1E-CA5977346922}.AppStore|iPhoneSimulator.Build.0 = Release|x86
		{46C41A02-F19A-47A0-9F1E-CA5977346922}.AppStore|iPhoneSimulator.Deploy.0 = Release|x86
		{46C41A02-F19A-47A0-9F1E-CA5977346922}.AppStore|x64.ActiveCfg = Release|x64
		{46C41A02-F19A-47A0-9F1E-CA5977346922}.AppStore|x64.Build.0 = Release|x64
		{46C41A02-F19A-47A0-9F1E-CA5977346922}.AppStore|x64.Deploy.0 = Release|x64
		{46C41A02-F19A-47A0-9F1E-CA5977346922}.AppStore|x86.ActiveCfg = Release|x86
		{46C41A02-F19A-47A0-9F1E-CA5977346922}.AppStore|x86.Build.0 = Release|x86
		{46C41A02-F19A-47A0-9F1E-CA5977346922}.AppStore|x86.Deploy.0 = Release|x86
		{46C41A02-F19A-47A0-9F1E-CA5977346922}.Debug|Any CPU.ActiveCfg = Debug|x86
		{46C41A02-F19A-47A0-9F1E-CA5977346922}.Debug|ARM.ActiveCfg = Debug|ARM
		{46C41A02-F19A-47A0-9F1E-CA5977346922}.Debug|ARM.Build.0 = Debug|ARM
		{46C41A02-F19A-47A0-9F1E-CA5977346922}.Debug|ARM.Deploy.0 = Debug|ARM
		{46C41A02-F19A-47A0-9F1E-CA5977346922}.Debug|iPhone.ActiveCfg = Debug|x86
		{46C41A02-F19A-47A0-9F1E-CA5977346922}.Debug|iPhoneSimulator.ActiveCfg = Debug|x86
		{46C41A02-F19A-47A0-9F1E-CA5977346922}.Debug|x64.ActiveCfg = Debug|x64
		{46C41A02-F19A-47A0-9F1E-CA5977346922}.Debug|x64.Build.0 = Debug|x64
		{46C41A02-F19A-47A0-9F1E-CA5977346922}.Debug|x64.Deploy.0 = Debug|x64
		{46C41A02-F19A-47A0-9F1E-CA5977346922}.Debug|x86.ActiveCfg = Debug|x86
		{46C41A02-F19A-47A0-9F1E-CA5977346922}.Debug|x86.Build.0 = Debug|x86
		{46C41A02-F19A-47A0-9F1E-CA5977346922}.Debug|x86.Deploy.0 = Debug|x86
		{46C41A02-F19A-47A0-9F1E-CA5977346922}.Release|Any CPU.ActiveCfg = Release|x86
		{46C41A02-F19A-47A0-9F1E-CA5977346922}.Release|ARM.ActiveCfg = Release|ARM
		{46C41A02-F19A-47A0-9F1E-CA5977346922}.Release|ARM.Build.0 = Release|ARM
		{46C41A02-F19A-47A0-9F1E-CA5977346922}.Release|ARM.Deploy.0 = Release|ARM
		{46C41A02-F19A-47A0-9F1E-CA5977346922}.Release|iPhone.ActiveCfg = Release|x86
		{46C41A02-F19A-47A0-9F1E-CA5977346922}.Release|iPhoneSimulator.ActiveCfg = Release|x86
		{46C41A02-F19A-47A0-9F1E-CA5977346922}.Release|x64.ActiveCfg = Release|x64
		{46C41A02-F19A-47A0-9F1E-CA5977346922}.Release|x64.Build.0 = Release|x64
		{46C41A02-F19A-47A0-9F1E-CA5977346922}.Release|x64.Deploy.0 = Release|x64
		{46C41A02-F19A-47A0-9F1E-CA5977346922}.Release|x86.ActiveCfg = Release|x86
		{46C41A02-F19A-47A0-9F1E-CA5977346922}.Release|x86.Build.0 = Release|x86
		{46C41A02-F19A-47A0-9F1E-CA5977346922}.Release|x86.Deploy.0 = Release|x86
	EndGlobalSection
	GlobalSection(SolutionProperties) = preSolution
		HideSolutionNode = FALSE
	EndGlobalSection
EndGlobal
